{
  "name": "demo-prisma",
  "version": "1.0.0",
  "lockfileVersion": 1,
  "requires": true,
  "dependencies": {
    "@prisma/bar": {
      "version": "0.0.1",
      "resolved": "https://registry.npmjs.org/@prisma/bar/-/bar-0.0.1.tgz",
      "integrity": "sha512-FVLhwVkbfhXlBhroWfIXMLi+3Jh9IEzYp+9z+MUUiw3ZsbcoAil7CN9/QIjHc4/TcCRyRfuSmT7qCnn4O+TjJw==",
      "dev": true
    },
    "@prisma/cli": {
      "version": "2.13.1",
      "resolved": "https://registry.npmjs.org/@prisma/cli/-/cli-2.13.1.tgz",
      "integrity": "sha512-1KIo29GFAM/oe56oVFB6SjLV+xaunBtcnln1v0KcSn0bx1MgdN00o0haB5qTqRwnqEMTqsS81zH8VwdIgQhn6A==",
      "dev": true,
      "requires": {
        "@prisma/bar": "^0.0.1",
        "@prisma/engines": "2.13.1-2.fcbc4bb2d306c86c28014f596b1e8c7980af8bd4"
      }
    },
    "@prisma/engines": {
      "version": "2.13.1-2.fcbc4bb2d306c86c28014f596b1e8c7980af8bd4",
      "resolved": "https://registry.npmjs.org/@prisma/engines/-/engines-2.13.1-2.fcbc4bb2d306c86c28014f596b1e8c7980af8bd4.tgz",
      "integrity": "sha512-APwZRomHG94bOc3jY6kaoEOkVdavN859c5hCFOjhy014Uut8v5+dg1lz3RzUaiiSHK8NwgGKrO5rqO09yGu8Eg==",
      "dev": true
    }
  }
}
